// !$*UTF8*$!
{
	archiveVersion = 1;
	classes = {
	};
	objectVersion = 46;
	objects = {

/* Begin PBXBuildFile section */
		423D5B737E38DFD3FC30644B /* Pods_KeyedAPIParametersTests.framework in Frameworks */ = {isa = PBXBuildFile; fileRef = 422D0A32EE9ADD044501C655 /* Pods_KeyedAPIParametersTests.framework */; };
		755361EF1EE71E5F00050FB5 /* DictionarySpec.swift in Sources */ = {isa = PBXBuildFile; fileRef = 755361EE1EE71E5F00050FB5 /* DictionarySpec.swift */; };
		755361F11EE71EC700050FB5 /* APIParamConvertibleSpec.swift in Sources */ = {isa = PBXBuildFile; fileRef = 755361F01EE71EC700050FB5 /* APIParamConvertibleSpec.swift */; };
		7560336A1F0E7A1300E01200 /* APIParamValueSpec.swift in Sources */ = {isa = PBXBuildFile; fileRef = 756033691F0E7A1300E01200 /* APIParamValueSpec.swift */; };
		756C85A01F13BFAC00BB06CD /* APIParametersSpec.swift in Sources */ = {isa = PBXBuildFile; fileRef = 756C859F1F13BFAC00BB06CD /* APIParametersSpec.swift */; };
		756C85A21F13DCBC00BB06CD /* ParamJSONKeySpec.swift in Sources */ = {isa = PBXBuildFile; fileRef = 756C85A11F13DCBC00BB06CD /* ParamJSONKeySpec.swift */; };
		75B036661F156D1500C2432B /* KeyedAPIParametersSpec.swift in Sources */ = {isa = PBXBuildFile; fileRef = 75B036651F156D1500C2432B /* KeyedAPIParametersSpec.swift */; };
		75CC0BF51EFD5B9B00355C66 /* NumberParamConvertible.swift in Sources */ = {isa = PBXBuildFile; fileRef = 75CC0BF41EFD5B9B00355C66 /* NumberParamConvertible.swift */; };
		75D12B6B1ED73B31002ED39C /* KeyedAPIParameters.framework in Frameworks */ = {isa = PBXBuildFile; fileRef = 75D12B611ED73B31002ED39C /* KeyedAPIParameters.framework */; };
		75D12B721ED73B31002ED39C /* KeyedAPIParameters.h in Headers */ = {isa = PBXBuildFile; fileRef = 75D12B641ED73B31002ED39C /* KeyedAPIParameters.h */; settings = {ATTRIBUTES = (Public, ); }; };
		75D12B8A1ED73FA5002ED39C /* .swiftlint.yml in Resources */ = {isa = PBXBuildFile; fileRef = 75D12B7E1ED73FA5002ED39C /* .swiftlint.yml */; };
		75D12B8B1ED73FA5002ED39C /* .travis.yml in Resources */ = {isa = PBXBuildFile; fileRef = 75D12B7F1ED73FA5002ED39C /* .travis.yml */; };
		75D12B8C1ED73FA5002ED39C /* .gitignore in Resources */ = {isa = PBXBuildFile; fileRef = 75D12B801ED73FA5002ED39C /* .gitignore */; };
		75D12B8D1ED73FA5002ED39C /* LICENSE in Resources */ = {isa = PBXBuildFile; fileRef = 75D12B811ED73FA5002ED39C /* LICENSE */; };
		75D12B8E1ED73FA5002ED39C /* .codebeatignore in Resources */ = {isa = PBXBuildFile; fileRef = 75D12B821ED73FA5002ED39C /* .codebeatignore */; };
		75D12B8F1ED73FA5002ED39C /* .swift-version in Resources */ = {isa = PBXBuildFile; fileRef = 75D12B831ED73FA5002ED39C /* .swift-version */; };
		75D12B901ED73FA5002ED39C /* codecov.yml in Resources */ = {isa = PBXBuildFile; fileRef = 75D12B841ED73FA5002ED39C /* codecov.yml */; };
		75D12B911ED73FA5002ED39C /* Gemfile in Resources */ = {isa = PBXBuildFile; fileRef = 75D12B851ED73FA5002ED39C /* Gemfile */; };
		75D12B921ED73FA5002ED39C /* Gemfile.lock in Resources */ = {isa = PBXBuildFile; fileRef = 75D12B861ED73FA5002ED39C /* Gemfile.lock */; };
		75D12B931ED73FA5002ED39C /* Podfile in Resources */ = {isa = PBXBuildFile; fileRef = 75D12B871ED73FA5002ED39C /* Podfile */; };
		75D12B941ED73FA5002ED39C /* Podfile.lock in Resources */ = {isa = PBXBuildFile; fileRef = 75D12B881ED73FA5002ED39C /* Podfile.lock */; };
		75D12B971ED745BB002ED39C /* Dictionary.swift in Sources */ = {isa = PBXBuildFile; fileRef = 75D12B961ED745BB002ED39C /* Dictionary.swift */; };
		75D12BA31ED749C1002ED39C /* HTTPMethod.swift in Sources */ = {isa = PBXBuildFile; fileRef = 75D12BA21ED749C1002ED39C /* HTTPMethod.swift */; };
		75D12BA61ED749ED002ED39C /* APIParamConvertible.swift in Sources */ = {isa = PBXBuildFile; fileRef = 75D12BA51ED749ED002ED39C /* APIParamConvertible.swift */; };
		75D12BAA1ED74CBD002ED39C /* APIParameters.swift in Sources */ = {isa = PBXBuildFile; fileRef = 75D12BA91ED74CBD002ED39C /* APIParameters.swift */; };
		75D12BAC1ED74CE1002ED39C /* ParamJSONKey.swift in Sources */ = {isa = PBXBuildFile; fileRef = 75D12BAB1ED74CE1002ED39C /* ParamJSONKey.swift */; };
		75D12BAE1ED74D24002ED39C /* KeyedAPIParameters.swift in Sources */ = {isa = PBXBuildFile; fileRef = 75D12BAD1ED74D24002ED39C /* KeyedAPIParameters.swift */; };
		E2C6876DD9E56586AD9F3858 /* Pods_KeyedAPIParameters.framework in Frameworks */ = {isa = PBXBuildFile; fileRef = 5679C7A0FE9CD308C3183D69 /* Pods_KeyedAPIParameters.framework */; };
/* End PBXBuildFile section */

/* Begin PBXContainerItemProxy section */
		75D12B6C1ED73B31002ED39C /* PBXContainerItemProxy */ = {
			isa = PBXContainerItemProxy;
			containerPortal = 75D12B581ED73B31002ED39C /* Project object */;
			proxyType = 1;
			remoteGlobalIDString = 75D12B601ED73B31002ED39C;
			remoteInfo = KeyedAPIParameters;
		};
/* End PBXContainerItemProxy section */

/* Begin PBXFileReference section */
		23058028205E5F99B012312D /* Pods-KeyedAPIParametersTests.release.xcconfig */ = {isa = PBXFileReference; includeInIndex = 1; lastKnownFileType = text.xcconfig; name = "Pods-KeyedAPIParametersTests.release.xcconfig"; path = "Pods/Target Support Files/Pods-KeyedAPIParametersTests/Pods-KeyedAPIParametersTests.release.xcconfig"; sourceTree = "<group>"; };
		422D0A32EE9ADD044501C655 /* Pods_KeyedAPIParametersTests.framework */ = {isa = PBXFileReference; explicitFileType = wrapper.framework; includeInIndex = 0; path = Pods_KeyedAPIParametersTests.framework; sourceTree = BUILT_PRODUCTS_DIR; };
		5679C7A0FE9CD308C3183D69 /* Pods_KeyedAPIParameters.framework */ = {isa = PBXFileReference; explicitFileType = wrapper.framework; includeInIndex = 0; path = Pods_KeyedAPIParameters.framework; sourceTree = BUILT_PRODUCTS_DIR; };
		64C817B86FF103C6B99261FA /* Pods-KeyedAPIParameters.debug.xcconfig */ = {isa = PBXFileReference; includeInIndex = 1; lastKnownFileType = text.xcconfig; name = "Pods-KeyedAPIParameters.debug.xcconfig"; path = "Pods/Target Support Files/Pods-KeyedAPIParameters/Pods-KeyedAPIParameters.debug.xcconfig"; sourceTree = "<group>"; };
		755361EE1EE71E5F00050FB5 /* DictionarySpec.swift */ = {isa = PBXFileReference; fileEncoding = 4; lastKnownFileType = sourcecode.swift; path = DictionarySpec.swift; sourceTree = "<group>"; };
		755361F01EE71EC700050FB5 /* APIParamConvertibleSpec.swift */ = {isa = PBXFileReference; fileEncoding = 4; lastKnownFileType = sourcecode.swift; path = APIParamConvertibleSpec.swift; sourceTree = "<group>"; };
		756033691F0E7A1300E01200 /* APIParamValueSpec.swift */ = {isa = PBXFileReference; fileEncoding = 4; lastKnownFileType = sourcecode.swift; path = APIParamValueSpec.swift; sourceTree = "<group>"; };
		756C859F1F13BFAC00BB06CD /* APIParametersSpec.swift */ = {isa = PBXFileReference; fileEncoding = 4; lastKnownFileType = sourcecode.swift; path = APIParametersSpec.swift; sourceTree = "<group>"; };
		756C85A11F13DCBC00BB06CD /* ParamJSONKeySpec.swift */ = {isa = PBXFileReference; fileEncoding = 4; lastKnownFileType = sourcecode.swift; path = ParamJSONKeySpec.swift; sourceTree = "<group>"; };
		758DA0011F1905F100D9EA6E /* KeyedAPIParameters.playground */ = {isa = PBXFileReference; lastKnownFileType = file.playground; path = KeyedAPIParameters.playground; sourceTree = "<group>"; xcLanguageSpecificationIdentifier = xcode.lang.swift; };
		75B036651F156D1500C2432B /* KeyedAPIParametersSpec.swift */ = {isa = PBXFileReference; fileEncoding = 4; lastKnownFileType = sourcecode.swift; path = KeyedAPIParametersSpec.swift; sourceTree = "<group>"; };
		75CC0BF41EFD5B9B00355C66 /* NumberParamConvertible.swift */ = {isa = PBXFileReference; fileEncoding = 4; lastKnownFileType = sourcecode.swift; path = NumberParamConvertible.swift; sourceTree = "<group>"; };
		75D12B611ED73B31002ED39C /* KeyedAPIParameters.framework */ = {isa = PBXFileReference; explicitFileType = wrapper.framework; includeInIndex = 0; path = KeyedAPIParameters.framework; sourceTree = BUILT_PRODUCTS_DIR; };
		75D12B641ED73B31002ED39C /* KeyedAPIParameters.h */ = {isa = PBXFileReference; lastKnownFileType = sourcecode.c.h; path = KeyedAPIParameters.h; sourceTree = "<group>"; };
		75D12B651ED73B31002ED39C /* Info.plist */ = {isa = PBXFileReference; lastKnownFileType = text.plist.xml; path = Info.plist; sourceTree = "<group>"; };
		75D12B6A1ED73B31002ED39C /* KeyedAPIParametersTests.xctest */ = {isa = PBXFileReference; explicitFileType = wrapper.cfbundle; includeInIndex = 0; path = KeyedAPIParametersTests.xctest; sourceTree = BUILT_PRODUCTS_DIR; };
		75D12B711ED73B31002ED39C /* Info.plist */ = {isa = PBXFileReference; lastKnownFileType = text.plist.xml; path = Info.plist; sourceTree = "<group>"; };
		75D12B7D1ED73FA5002ED39C /* README.md */ = {isa = PBXFileReference; fileEncoding = 4; lastKnownFileType = net.daringfireball.markdown; path = README.md; sourceTree = "<group>"; };
		75D12B7E1ED73FA5002ED39C /* .swiftlint.yml */ = {isa = PBXFileReference; fileEncoding = 4; lastKnownFileType = text; path = .swiftlint.yml; sourceTree = "<group>"; };
		75D12B7F1ED73FA5002ED39C /* .travis.yml */ = {isa = PBXFileReference; fileEncoding = 4; lastKnownFileType = text; path = .travis.yml; sourceTree = "<group>"; };
		75D12B801ED73FA5002ED39C /* .gitignore */ = {isa = PBXFileReference; fileEncoding = 4; lastKnownFileType = text; path = .gitignore; sourceTree = "<group>"; };
		75D12B811ED73FA5002ED39C /* LICENSE */ = {isa = PBXFileReference; fileEncoding = 4; lastKnownFileType = text; path = LICENSE; sourceTree = "<group>"; };
		75D12B821ED73FA5002ED39C /* .codebeatignore */ = {isa = PBXFileReference; fileEncoding = 4; lastKnownFileType = text; path = .codebeatignore; sourceTree = "<group>"; };
		75D12B831ED73FA5002ED39C /* .swift-version */ = {isa = PBXFileReference; fileEncoding = 4; lastKnownFileType = text; path = ".swift-version"; sourceTree = "<group>"; };
		75D12B841ED73FA5002ED39C /* codecov.yml */ = {isa = PBXFileReference; fileEncoding = 4; lastKnownFileType = text; path = codecov.yml; sourceTree = "<group>"; };
		75D12B851ED73FA5002ED39C /* Gemfile */ = {isa = PBXFileReference; fileEncoding = 4; lastKnownFileType = text; path = Gemfile; sourceTree = "<group>"; };
		75D12B861ED73FA5002ED39C /* Gemfile.lock */ = {isa = PBXFileReference; fileEncoding = 4; lastKnownFileType = text; path = Gemfile.lock; sourceTree = "<group>"; };
		75D12B871ED73FA5002ED39C /* Podfile */ = {isa = PBXFileReference; fileEncoding = 4; lastKnownFileType = text; path = Podfile; sourceTree = "<group>"; xcLanguageSpecificationIdentifier = xcode.lang.ruby; };
		75D12B881ED73FA5002ED39C /* Podfile.lock */ = {isa = PBXFileReference; fileEncoding = 4; lastKnownFileType = text; path = Podfile.lock; sourceTree = "<group>"; };
		75D12B961ED745BB002ED39C /* Dictionary.swift */ = {isa = PBXFileReference; fileEncoding = 4; lastKnownFileType = sourcecode.swift; path = Dictionary.swift; sourceTree = "<group>"; };
		75D12BA21ED749C1002ED39C /* HTTPMethod.swift */ = {isa = PBXFileReference; fileEncoding = 4; lastKnownFileType = sourcecode.swift; path = HTTPMethod.swift; sourceTree = "<group>"; };
		75D12BA51ED749ED002ED39C /* APIParamConvertible.swift */ = {isa = PBXFileReference; fileEncoding = 4; lastKnownFileType = sourcecode.swift; path = APIParamConvertible.swift; sourceTree = "<group>"; };
		75D12BA91ED74CBD002ED39C /* APIParameters.swift */ = {isa = PBXFileReference; fileEncoding = 4; lastKnownFileType = sourcecode.swift; path = APIParameters.swift; sourceTree = "<group>"; };
		75D12BAB1ED74CE1002ED39C /* ParamJSONKey.swift */ = {isa = PBXFileReference; fileEncoding = 4; lastKnownFileType = sourcecode.swift; path = ParamJSONKey.swift; sourceTree = "<group>"; };
		75D12BAD1ED74D24002ED39C /* KeyedAPIParameters.swift */ = {isa = PBXFileReference; fileEncoding = 4; lastKnownFileType = sourcecode.swift; path = KeyedAPIParameters.swift; sourceTree = "<group>"; };
		75F80FEA1F43D04200F8C3FD /* KeyedAPIParameters.podspec */ = {isa = PBXFileReference; lastKnownFileType = text; path = KeyedAPIParameters.podspec; sourceTree = "<group>"; };
		A555FE5BC21B5CDBC915317E /* Pods-KeyedAPIParameters.release.xcconfig */ = {isa = PBXFileReference; includeInIndex = 1; lastKnownFileType = text.xcconfig; name = "Pods-KeyedAPIParameters.release.xcconfig"; path = "Pods/Target Support Files/Pods-KeyedAPIParameters/Pods-KeyedAPIParameters.release.xcconfig"; sourceTree = "<group>"; };
		EA80ADD903ECDBD2EDCB2438 /* Pods-KeyedAPIParametersTests.debug.xcconfig */ = {isa = PBXFileReference; includeInIndex = 1; lastKnownFileType = text.xcconfig; name = "Pods-KeyedAPIParametersTests.debug.xcconfig"; path = "Pods/Target Support Files/Pods-KeyedAPIParametersTests/Pods-KeyedAPIParametersTests.debug.xcconfig"; sourceTree = "<group>"; };
/* End PBXFileReference section */

/* Begin PBXFrameworksBuildPhase section */
		75D12B5D1ED73B31002ED39C /* Frameworks */ = {
			isa = PBXFrameworksBuildPhase;
			buildActionMask = 2147483647;
			files = (
				E2C6876DD9E56586AD9F3858 /* Pods_KeyedAPIParameters.framework in Frameworks */,
			);
			runOnlyForDeploymentPostprocessing = 0;
		};
		75D12B671ED73B31002ED39C /* Frameworks */ = {
			isa = PBXFrameworksBuildPhase;
			buildActionMask = 2147483647;
			files = (
				75D12B6B1ED73B31002ED39C /* KeyedAPIParameters.framework in Frameworks */,
				423D5B737E38DFD3FC30644B /* Pods_KeyedAPIParametersTests.framework in Frameworks */,
			);
			runOnlyForDeploymentPostprocessing = 0;
		};
/* End PBXFrameworksBuildPhase section */

/* Begin PBXGroup section */
		33DF6218C18EC116EF92A96D /* Pods */ = {
			isa = PBXGroup;
			children = (
				64C817B86FF103C6B99261FA /* Pods-KeyedAPIParameters.debug.xcconfig */,
				A555FE5BC21B5CDBC915317E /* Pods-KeyedAPIParameters.release.xcconfig */,
				EA80ADD903ECDBD2EDCB2438 /* Pods-KeyedAPIParametersTests.debug.xcconfig */,
				23058028205E5F99B012312D /* Pods-KeyedAPIParametersTests.release.xcconfig */,
			);
			name = Pods;
			sourceTree = "<group>";
		};
		751CE9B21EE1BE4800CA8327 /* Supporting Files */ = {
			isa = PBXGroup;
			children = (
				75D12B711ED73B31002ED39C /* Info.plist */,
			);
			path = "Supporting Files";
			sourceTree = "<group>";
		};
		751CE9B31EE1BEF000CA8327 /* Extensions */ = {
			isa = PBXGroup;
			children = (
				755361EE1EE71E5F00050FB5 /* DictionarySpec.swift */,
			);
			path = Extensions;
			sourceTree = "<group>";
		};
		751CE9B41EE1BEF500CA8327 /* Objects */ = {
			isa = PBXGroup;
			children = (
				756033691F0E7A1300E01200 /* APIParamValueSpec.swift */,
			);
			path = Objects;
			sourceTree = "<group>";
		};
		751CE9B51EE1BEFE00CA8327 /* Protocols */ = {
			isa = PBXGroup;
			children = (
				755361F01EE71EC700050FB5 /* APIParamConvertibleSpec.swift */,
				756C859F1F13BFAC00BB06CD /* APIParametersSpec.swift */,
				75B036651F156D1500C2432B /* KeyedAPIParametersSpec.swift */,
				756C85A11F13DCBC00BB06CD /* ParamJSONKeySpec.swift */,
			);
			path = Protocols;
			sourceTree = "<group>";
		};
		75774D811F180A6A00FF6E23 /* Playgrounds */ = {
			isa = PBXGroup;
			children = (
				758DA0011F1905F100D9EA6E /* KeyedAPIParameters.playground */,
			);
			path = Playgrounds;
			sourceTree = "<group>";
		};
		75D12B571ED73B31002ED39C = {
			isa = PBXGroup;
			children = (
				75F80FEA1F43D04200F8C3FD /* KeyedAPIParameters.podspec */,
				DD81D3A004E48C85B294EFC2 /* Frameworks */,
				75D12B631ED73B31002ED39C /* KeyedAPIParameters */,
				75D12B6E1ED73B31002ED39C /* KeyedAPIParametersTests */,
				75774D811F180A6A00FF6E23 /* Playgrounds */,
				33DF6218C18EC116EF92A96D /* Pods */,
				75D12B621ED73B31002ED39C /* Products */,
				75D12B821ED73FA5002ED39C /* .codebeatignore */,
				75D12B801ED73FA5002ED39C /* .gitignore */,
				75D12B831ED73FA5002ED39C /* .swift-version */,
				75D12B7E1ED73FA5002ED39C /* .swiftlint.yml */,
				75D12B7F1ED73FA5002ED39C /* .travis.yml */,
				75D12B851ED73FA5002ED39C /* Gemfile */,
				75D12B861ED73FA5002ED39C /* Gemfile.lock */,
				75D12B811ED73FA5002ED39C /* LICENSE */,
				75D12B871ED73FA5002ED39C /* Podfile */,
				75D12B881ED73FA5002ED39C /* Podfile.lock */,
				75D12B7D1ED73FA5002ED39C /* README.md */,
				75D12B841ED73FA5002ED39C /* codecov.yml */,
			);
			sourceTree = "<group>";
		};
		75D12B621ED73B31002ED39C /* Products */ = {
			isa = PBXGroup;
			children = (
				75D12B611ED73B31002ED39C /* KeyedAPIParameters.framework */,
				75D12B6A1ED73B31002ED39C /* KeyedAPIParametersTests.xctest */,
			);
			name = Products;
			sourceTree = "<group>";
		};
		75D12B631ED73B31002ED39C /* KeyedAPIParameters */ = {
			isa = PBXGroup;
			children = (
				75D12B951ED745A9002ED39C /* Extensions */,
				75D12B9A1ED745F8002ED39C /* Objects */,
				75D12BA41ED749DB002ED39C /* Protocols */,
				75D12B7B1ED73B44002ED39C /* Supporting Files */,
			);
			path = KeyedAPIParameters;
			sourceTree = "<group>";
		};
		75D12B6E1ED73B31002ED39C /* KeyedAPIParametersTests */ = {
			isa = PBXGroup;
			children = (
				751CE9B31EE1BEF000CA8327 /* Extensions */,
				751CE9B41EE1BEF500CA8327 /* Objects */,
				751CE9B51EE1BEFE00CA8327 /* Protocols */,
				751CE9B21EE1BE4800CA8327 /* Supporting Files */,
			);
			path = KeyedAPIParametersTests;
			sourceTree = "<group>";
		};
		75D12B7B1ED73B44002ED39C /* Supporting Files */ = {
			isa = PBXGroup;
			children = (
				75D12B651ED73B31002ED39C /* Info.plist */,
				75D12B641ED73B31002ED39C /* KeyedAPIParameters.h */,
			);
			path = "Supporting Files";
			sourceTree = "<group>";
		};
		75D12B951ED745A9002ED39C /* Extensions */ = {
			isa = PBXGroup;
			children = (
				75D12B961ED745BB002ED39C /* Dictionary.swift */,
			);
			path = Extensions;
			sourceTree = "<group>";
		};
		75D12B9A1ED745F8002ED39C /* Objects */ = {
			isa = PBXGroup;
			children = (
				75D12BA21ED749C1002ED39C /* HTTPMethod.swift */,
			);
			path = Objects;
			sourceTree = "<group>";
		};
		75D12BA41ED749DB002ED39C /* Protocols */ = {
			isa = PBXGroup;
			children = (
				75D12BA51ED749ED002ED39C /* APIParamConvertible.swift */,
				75D12BA91ED74CBD002ED39C /* APIParameters.swift */,
				75D12BAD1ED74D24002ED39C /* KeyedAPIParameters.swift */,
				75CC0BF41EFD5B9B00355C66 /* NumberParamConvertible.swift */,
				75D12BAB1ED74CE1002ED39C /* ParamJSONKey.swift */,
			);
			path = Protocols;
			sourceTree = "<group>";
		};
		DD81D3A004E48C85B294EFC2 /* Frameworks */ = {
			isa = PBXGroup;
			children = (
				422D0A32EE9ADD044501C655 /* Pods_KeyedAPIParametersTests.framework */,
				5679C7A0FE9CD308C3183D69 /* Pods_KeyedAPIParameters.framework */,
			);
			name = Frameworks;
			sourceTree = "<group>";
		};
/* End PBXGroup section */

/* Begin PBXHeadersBuildPhase section */
		75D12B5E1ED73B31002ED39C /* Headers */ = {
			isa = PBXHeadersBuildPhase;
			buildActionMask = 2147483647;
			files = (
				75D12B721ED73B31002ED39C /* KeyedAPIParameters.h in Headers */,
			);
			runOnlyForDeploymentPostprocessing = 0;
		};
/* End PBXHeadersBuildPhase section */

/* Begin PBXNativeTarget section */
		75D12B601ED73B31002ED39C /* KeyedAPIParameters */ = {
			isa = PBXNativeTarget;
			buildConfigurationList = 75D12B751ED73B31002ED39C /* Build configuration list for PBXNativeTarget "KeyedAPIParameters" */;
			buildPhases = (
				E311DD5AC74B0139606A1ED6 /* [CP] Check Pods Manifest.lock */,
				75D12B5C1ED73B31002ED39C /* Sources */,
				75D12B5D1ED73B31002ED39C /* Frameworks */,
				75D12B5E1ED73B31002ED39C /* Headers */,
				75D12B5F1ED73B31002ED39C /* Resources */,
				EEB056CA122082504E5BCFB0 /* [CP] Copy Pods Resources */,
			);
			buildRules = (
			);
			dependencies = (
			);
			name = KeyedAPIParameters;
			productName = KeyedAPIParameters;
			productReference = 75D12B611ED73B31002ED39C /* KeyedAPIParameters.framework */;
			productType = "com.apple.product-type.framework";
		};
		75D12B691ED73B31002ED39C /* KeyedAPIParametersTests */ = {
			isa = PBXNativeTarget;
			buildConfigurationList = 75D12B781ED73B31002ED39C /* Build configuration list for PBXNativeTarget "KeyedAPIParametersTests" */;
			buildPhases = (
				C9279BB2B45D099E4871DF60 /* [CP] Check Pods Manifest.lock */,
				75D12B661ED73B31002ED39C /* Sources */,
				75D12B671ED73B31002ED39C /* Frameworks */,
				75D12B681ED73B31002ED39C /* Resources */,
				5438A14CD47E464409180217 /* [CP] Embed Pods Frameworks */,
				2205BDB767F274563C22B8A5 /* [CP] Copy Pods Resources */,
			);
			buildRules = (
			);
			dependencies = (
				75D12B6D1ED73B31002ED39C /* PBXTargetDependency */,
			);
			name = KeyedAPIParametersTests;
			productName = KeyedAPIParametersTests;
			productReference = 75D12B6A1ED73B31002ED39C /* KeyedAPIParametersTests.xctest */;
			productType = "com.apple.product-type.bundle.unit-test";
		};
/* End PBXNativeTarget section */

/* Begin PBXProject section */
		75D12B581ED73B31002ED39C /* Project object */ = {
			isa = PBXProject;
			attributes = {
				LastSwiftUpdateCheck = 0830;
				LastUpgradeCheck = 0930;
				ORGANIZATIONNAME = Noobish1;
				TargetAttributes = {
					75D12B601ED73B31002ED39C = {
						CreatedOnToolsVersion = 8.3.2;
						DevelopmentTeam = 5FU3YAJNJH;
						ProvisioningStyle = Automatic;
					};
					75D12B691ED73B31002ED39C = {
						CreatedOnToolsVersion = 8.3.2;
						DevelopmentTeam = 5FU3YAJNJH;
						LastSwiftMigration = 0830;
						ProvisioningStyle = Automatic;
					};
				};
			};
			buildConfigurationList = 75D12B5B1ED73B31002ED39C /* Build configuration list for PBXProject "KeyedAPIParameters" */;
			compatibilityVersion = "Xcode 3.2";
			developmentRegion = English;
			hasScannedForEncodings = 0;
			knownRegions = (
				en,
			);
			mainGroup = 75D12B571ED73B31002ED39C;
			productRefGroup = 75D12B621ED73B31002ED39C /* Products */;
			projectDirPath = "";
			projectRoot = "";
			targets = (
				75D12B601ED73B31002ED39C /* KeyedAPIParameters */,
				75D12B691ED73B31002ED39C /* KeyedAPIParametersTests */,
			);
		};
/* End PBXProject section */

/* Begin PBXResourcesBuildPhase section */
		75D12B5F1ED73B31002ED39C /* Resources */ = {
			isa = PBXResourcesBuildPhase;
			buildActionMask = 2147483647;
			files = (
				75D12B931ED73FA5002ED39C /* Podfile in Resources */,
				75D12B921ED73FA5002ED39C /* Gemfile.lock in Resources */,
				75D12B911ED73FA5002ED39C /* Gemfile in Resources */,
				75D12B8E1ED73FA5002ED39C /* .codebeatignore in Resources */,
				75D12B8B1ED73FA5002ED39C /* .travis.yml in Resources */,
				75D12B8C1ED73FA5002ED39C /* .gitignore in Resources */,
				75D12B941ED73FA5002ED39C /* Podfile.lock in Resources */,
				75D12B8D1ED73FA5002ED39C /* LICENSE in Resources */,
				75D12B8F1ED73FA5002ED39C /* .swift-version in Resources */,
				75D12B901ED73FA5002ED39C /* codecov.yml in Resources */,
				75D12B8A1ED73FA5002ED39C /* .swiftlint.yml in Resources */,
			);
			runOnlyForDeploymentPostprocessing = 0;
		};
		75D12B681ED73B31002ED39C /* Resources */ = {
			isa = PBXResourcesBuildPhase;
			buildActionMask = 2147483647;
			files = (
			);
			runOnlyForDeploymentPostprocessing = 0;
		};
/* End PBXResourcesBuildPhase section */

/* Begin PBXShellScriptBuildPhase section */
		2205BDB767F274563C22B8A5 /* [CP] Copy Pods Resources */ = {
			isa = PBXShellScriptBuildPhase;
			buildActionMask = 2147483647;
			files = (
			);
			inputPaths = (
			);
			name = "[CP] Copy Pods Resources";
			outputPaths = (
			);
			runOnlyForDeploymentPostprocessing = 0;
			shellPath = /bin/sh;
			shellScript = "\"${SRCROOT}/Pods/Target Support Files/Pods-KeyedAPIParametersTests/Pods-KeyedAPIParametersTests-resources.sh\"\n";
			showEnvVarsInLog = 0;
		};
		5438A14CD47E464409180217 /* [CP] Embed Pods Frameworks */ = {
			isa = PBXShellScriptBuildPhase;
			buildActionMask = 2147483647;
			files = (
			);
			inputPaths = (
				"${SRCROOT}/Pods/Target Support Files/Pods-KeyedAPIParametersTests/Pods-KeyedAPIParametersTests-frameworks.sh",
				"${BUILT_PRODUCTS_DIR}/Fakery/Fakery.framework",
				"${BUILT_PRODUCTS_DIR}/Nimble/Nimble.framework",
				"${BUILT_PRODUCTS_DIR}/Quick/Quick.framework",
			);
			name = "[CP] Embed Pods Frameworks";
			outputPaths = (
				"${TARGET_BUILD_DIR}/${FRAMEWORKS_FOLDER_PATH}/Fakery.framework",
				"${TARGET_BUILD_DIR}/${FRAMEWORKS_FOLDER_PATH}/Nimble.framework",
				"${TARGET_BUILD_DIR}/${FRAMEWORKS_FOLDER_PATH}/Quick.framework",
			);
			runOnlyForDeploymentPostprocessing = 0;
			shellPath = /bin/sh;
			shellScript = "\"${SRCROOT}/Pods/Target Support Files/Pods-KeyedAPIParametersTests/Pods-KeyedAPIParametersTests-frameworks.sh\"\n";
			showEnvVarsInLog = 0;
		};
		C9279BB2B45D099E4871DF60 /* [CP] Check Pods Manifest.lock */ = {
			isa = PBXShellScriptBuildPhase;
			buildActionMask = 2147483647;
			files = (
			);
			inputPaths = (
				"${PODS_PODFILE_DIR_PATH}/Podfile.lock",
				"${PODS_ROOT}/Manifest.lock",
			);
			name = "[CP] Check Pods Manifest.lock";
			outputPaths = (
				"$(DERIVED_FILE_DIR)/Pods-KeyedAPIParametersTests-checkManifestLockResult.txt",
			);
			runOnlyForDeploymentPostprocessing = 0;
			shellPath = /bin/sh;
			shellScript = "diff \"${PODS_PODFILE_DIR_PATH}/Podfile.lock\" \"${PODS_ROOT}/Manifest.lock\" > /dev/null\nif [ $? != 0 ] ; then\n    # print error to STDERR\n    echo \"error: The sandbox is not in sync with the Podfile.lock. Run 'pod install' or update your CocoaPods installation.\" >&2\n    exit 1\nfi\n# This output is used by Xcode 'outputs' to avoid re-running this script phase.\necho \"SUCCESS\" > \"${SCRIPT_OUTPUT_FILE_0}\"\n";
			showEnvVarsInLog = 0;
		};
		E311DD5AC74B0139606A1ED6 /* [CP] Check Pods Manifest.lock */ = {
			isa = PBXShellScriptBuildPhase;
			buildActionMask = 2147483647;
			files = (
			);
			inputPaths = (
				"${PODS_PODFILE_DIR_PATH}/Podfile.lock",
				"${PODS_ROOT}/Manifest.lock",
			);
			name = "[CP] Check Pods Manifest.lock";
			outputPaths = (
				"$(DERIVED_FILE_DIR)/Pods-KeyedAPIParameters-checkManifestLockResult.txt",
			);
			runOnlyForDeploymentPostprocessing = 0;
			shellPath = /bin/sh;
			shellScript = "diff \"${PODS_PODFILE_DIR_PATH}/Podfile.lock\" \"${PODS_ROOT}/Manifest.lock\" > /dev/null\nif [ $? != 0 ] ; then\n    # print error to STDERR\n    echo \"error: The sandbox is not in sync with the Podfile.lock. Run 'pod install' or update your CocoaPods installation.\" >&2\n    exit 1\nfi\n# This output is used by Xcode 'outputs' to avoid re-running this script phase.\necho \"SUCCESS\" > \"${SCRIPT_OUTPUT_FILE_0}\"\n";
			showEnvVarsInLog = 0;
		};
		EEB056CA122082504E5BCFB0 /* [CP] Copy Pods Resources */ = {
			isa = PBXShellScriptBuildPhase;
			buildActionMask = 2147483647;
			files = (
			);
			inputPaths = (
			);
			name = "[CP] Copy Pods Resources";
			outputPaths = (
			);
			runOnlyForDeploymentPostprocessing = 0;
			shellPath = /bin/sh;
			shellScript = "\"${SRCROOT}/Pods/Target Support Files/Pods-KeyedAPIParameters/Pods-KeyedAPIParameters-resources.sh\"\n";
			showEnvVarsInLog = 0;
		};
/* End PBXShellScriptBuildPhase section */

/* Begin PBXSourcesBuildPhase section */
		75D12B5C1ED73B31002ED39C /* Sources */ = {
			isa = PBXSourcesBuildPhase;
			buildActionMask = 2147483647;
			files = (
				75D12BA31ED749C1002ED39C /* HTTPMethod.swift in Sources */,
				75D12BA61ED749ED002ED39C /* APIParamConvertible.swift in Sources */,
				75D12BAE1ED74D24002ED39C /* KeyedAPIParameters.swift in Sources */,
				75D12B971ED745BB002ED39C /* Dictionary.swift in Sources */,
				75CC0BF51EFD5B9B00355C66 /* NumberParamConvertible.swift in Sources */,
				75D12BAA1ED74CBD002ED39C /* APIParameters.swift in Sources */,
				75D12BAC1ED74CE1002ED39C /* ParamJSONKey.swift in Sources */,
			);
			runOnlyForDeploymentPostprocessing = 0;
		};
		75D12B661ED73B31002ED39C /* Sources */ = {
			isa = PBXSourcesBuildPhase;
			buildActionMask = 2147483647;
			files = (
				755361EF1EE71E5F00050FB5 /* DictionarySpec.swift in Sources */,
				75B036661F156D1500C2432B /* KeyedAPIParametersSpec.swift in Sources */,
				7560336A1F0E7A1300E01200 /* APIParamValueSpec.swift in Sources */,
				756C85A21F13DCBC00BB06CD /* ParamJSONKeySpec.swift in Sources */,
				756C85A01F13BFAC00BB06CD /* APIParametersSpec.swift in Sources */,
				755361F11EE71EC700050FB5 /* APIParamConvertibleSpec.swift in Sources */,
			);
			runOnlyForDeploymentPostprocessing = 0;
		};
/* End PBXSourcesBuildPhase section */

/* Begin PBXTargetDependency section */
		75D12B6D1ED73B31002ED39C /* PBXTargetDependency */ = {
			isa = PBXTargetDependency;
			target = 75D12B601ED73B31002ED39C /* KeyedAPIParameters */;
			targetProxy = 75D12B6C1ED73B31002ED39C /* PBXContainerItemProxy */;
		};
/* End PBXTargetDependency section */

/* Begin XCBuildConfiguration section */
		75D12B731ED73B31002ED39C /* Debug */ = {
			isa = XCBuildConfiguration;
			buildSettings = {
				ALWAYS_SEARCH_USER_PATHS = NO;
				CLANG_ANALYZER_NONNULL = YES;
				CLANG_ANALYZER_NUMBER_OBJECT_CONVERSION = YES_AGGRESSIVE;
				CLANG_CXX_LANGUAGE_STANDARD = "gnu++0x";
				CLANG_CXX_LIBRARY = "libc++";
				CLANG_ENABLE_MODULES = YES;
				CLANG_ENABLE_OBJC_ARC = YES;
				CLANG_WARN_BLOCK_CAPTURE_AUTORELEASING = YES;
				CLANG_WARN_BOOL_CONVERSION = YES;
				CLANG_WARN_COMMA = YES;
				CLANG_WARN_CONSTANT_CONVERSION = YES;
				CLANG_WARN_DEPRECATED_OBJC_IMPLEMENTATIONS = YES;
				CLANG_WARN_DIRECT_OBJC_ISA_USAGE = YES_ERROR;
				CLANG_WARN_DOCUMENTATION_COMMENTS = YES;
				CLANG_WARN_EMPTY_BODY = YES;
				CLANG_WARN_ENUM_CONVERSION = YES;
				CLANG_WARN_INFINITE_RECURSION = YES;
				CLANG_WARN_INT_CONVERSION = YES;
				CLANG_WARN_NON_LITERAL_NULL_CONVERSION = YES;
				CLANG_WARN_OBJC_IMPLICIT_RETAIN_SELF = YES;
				CLANG_WARN_OBJC_LITERAL_CONVERSION = YES;
				CLANG_WARN_OBJC_ROOT_CLASS = YES_ERROR;
				CLANG_WARN_RANGE_LOOP_ANALYSIS = YES;
				CLANG_WARN_STRICT_PROTOTYPES = YES;
				CLANG_WARN_SUSPICIOUS_MOVE = YES;
				CLANG_WARN_UNREACHABLE_CODE = YES;
				CLANG_WARN__DUPLICATE_METHOD_MATCH = YES;
				"CODE_SIGN_IDENTITY[sdk=iphoneos*]" = "iPhone Developer";
				COPY_PHASE_STRIP = NO;
				CURRENT_PROJECT_VERSION = 1;
				DEBUG_INFORMATION_FORMAT = dwarf;
				ENABLE_STRICT_OBJC_MSGSEND = YES;
				ENABLE_TESTABILITY = YES;
				GCC_C_LANGUAGE_STANDARD = gnu99;
				GCC_DYNAMIC_NO_PIC = NO;
				GCC_NO_COMMON_BLOCKS = YES;
				GCC_OPTIMIZATION_LEVEL = 0;
				GCC_PREPROCESSOR_DEFINITIONS = (
					"DEBUG=1",
					"$(inherited)",
				);
				GCC_WARN_64_TO_32_BIT_CONVERSION = YES;
				GCC_WARN_ABOUT_RETURN_TYPE = YES_ERROR;
				GCC_WARN_UNDECLARED_SELECTOR = YES;
				GCC_WARN_UNINITIALIZED_AUTOS = YES_AGGRESSIVE;
				GCC_WARN_UNUSED_FUNCTION = YES;
				GCC_WARN_UNUSED_VARIABLE = YES;
				IPHONEOS_DEPLOYMENT_TARGET = 10.3;
				MTL_ENABLE_DEBUG_INFO = YES;
				ONLY_ACTIVE_ARCH = YES;
				SDKROOT = iphoneos;
				SWIFT_ACTIVE_COMPILATION_CONDITIONS = DEBUG;
				SWIFT_OPTIMIZATION_LEVEL = "-Onone";
				TARGETED_DEVICE_FAMILY = "1,2";
				VERSIONING_SYSTEM = "apple-generic";
				VERSION_INFO_PREFIX = "";
			};
			name = Debug;
		};
		75D12B741ED73B31002ED39C /* Release */ = {
			isa = XCBuildConfiguration;
			buildSettings = {
				ALWAYS_SEARCH_USER_PATHS = NO;
				CLANG_ANALYZER_NONNULL = YES;
				CLANG_ANALYZER_NUMBER_OBJECT_CONVERSION = YES_AGGRESSIVE;
				CLANG_CXX_LANGUAGE_STANDARD = "gnu++0x";
				CLANG_CXX_LIBRARY = "libc++";
				CLANG_ENABLE_MODULES = YES;
				CLANG_ENABLE_OBJC_ARC = YES;
				CLANG_WARN_BLOCK_CAPTURE_AUTORELEASING = YES;
				CLANG_WARN_BOOL_CONVERSION = YES;
				CLANG_WARN_COMMA = YES;
				CLANG_WARN_CONSTANT_CONVERSION = YES;
				CLANG_WARN_DEPRECATED_OBJC_IMPLEMENTATIONS = YES;
				CLANG_WARN_DIRECT_OBJC_ISA_USAGE = YES_ERROR;
				CLANG_WARN_DOCUMENTATION_COMMENTS = YES;
				CLANG_WARN_EMPTY_BODY = YES;
				CLANG_WARN_ENUM_CONVERSION = YES;
				CLANG_WARN_INFINITE_RECURSION = YES;
				CLANG_WARN_INT_CONVERSION = YES;
				CLANG_WARN_NON_LITERAL_NULL_CONVERSION = YES;
				CLANG_WARN_OBJC_IMPLICIT_RETAIN_SELF = YES;
				CLANG_WARN_OBJC_LITERAL_CONVERSION = YES;
				CLANG_WARN_OBJC_ROOT_CLASS = YES_ERROR;
				CLANG_WARN_RANGE_LOOP_ANALYSIS = YES;
				CLANG_WARN_STRICT_PROTOTYPES = YES;
				CLANG_WARN_SUSPICIOUS_MOVE = YES;
				CLANG_WARN_UNREACHABLE_CODE = YES;
				CLANG_WARN__DUPLICATE_METHOD_MATCH = YES;
				"CODE_SIGN_IDENTITY[sdk=iphoneos*]" = "iPhone Developer";
				COPY_PHASE_STRIP = NO;
				CURRENT_PROJECT_VERSION = 1;
				DEBUG_INFORMATION_FORMAT = "dwarf-with-dsym";
				ENABLE_NS_ASSERTIONS = NO;
				ENABLE_STRICT_OBJC_MSGSEND = YES;
				GCC_C_LANGUAGE_STANDARD = gnu99;
				GCC_NO_COMMON_BLOCKS = YES;
				GCC_WARN_64_TO_32_BIT_CONVERSION = YES;
				GCC_WARN_ABOUT_RETURN_TYPE = YES_ERROR;
				GCC_WARN_UNDECLARED_SELECTOR = YES;
				GCC_WARN_UNINITIALIZED_AUTOS = YES_AGGRESSIVE;
				GCC_WARN_UNUSED_FUNCTION = YES;
				GCC_WARN_UNUSED_VARIABLE = YES;
				IPHONEOS_DEPLOYMENT_TARGET = 10.3;
				MTL_ENABLE_DEBUG_INFO = NO;
				SDKROOT = iphoneos;
				SWIFT_OPTIMIZATION_LEVEL = "-Owholemodule";
				TARGETED_DEVICE_FAMILY = "1,2";
				VALIDATE_PRODUCT = YES;
				VERSIONING_SYSTEM = "apple-generic";
				VERSION_INFO_PREFIX = "";
			};
			name = Release;
		};
		75D12B761ED73B31002ED39C /* Debug */ = {
			isa = XCBuildConfiguration;
			baseConfigurationReference = 64C817B86FF103C6B99261FA /* Pods-KeyedAPIParameters.debug.xcconfig */;
			buildSettings = {
				CODE_SIGN_IDENTITY = "";
				DEFINES_MODULE = YES;
				DEVELOPMENT_TEAM = 5FU3YAJNJH;
				DYLIB_COMPATIBILITY_VERSION = 1;
				DYLIB_CURRENT_VERSION = 1;
				DYLIB_INSTALL_NAME_BASE = "@rpath";
				INFOPLIST_FILE = "KeyedAPIParameters/Supporting Files/Info.plist";
				INSTALL_PATH = "$(LOCAL_LIBRARY_DIR)/Frameworks";
				LD_RUNPATH_SEARCH_PATHS = "$(inherited) @executable_path/Frameworks @loader_path/Frameworks";
				PRODUCT_BUNDLE_IDENTIFIER = com.noobish1.KeyedAPIParameters;
				PRODUCT_NAME = "$(TARGET_NAME)";
				SKIP_INSTALL = YES;
				SWIFT_VERSION = 4.0;
			};
			name = Debug;
		};
		75D12B771ED73B31002ED39C /* Release */ = {
			isa = XCBuildConfiguration;
			baseConfigurationReference = A555FE5BC21B5CDBC915317E /* Pods-KeyedAPIParameters.release.xcconfig */;
			buildSettings = {
				CODE_SIGN_IDENTITY = "";
				DEFINES_MODULE = YES;
				DEVELOPMENT_TEAM = 5FU3YAJNJH;
				DYLIB_COMPATIBILITY_VERSION = 1;
				DYLIB_CURRENT_VERSION = 1;
				DYLIB_INSTALL_NAME_BASE = "@rpath";
				INFOPLIST_FILE = "KeyedAPIParameters/Supporting Files/Info.plist";
				INSTALL_PATH = "$(LOCAL_LIBRARY_DIR)/Frameworks";
				LD_RUNPATH_SEARCH_PATHS = "$(inherited) @executable_path/Frameworks @loader_path/Frameworks";
				PRODUCT_BUNDLE_IDENTIFIER = com.noobish1.KeyedAPIParameters;
				PRODUCT_NAME = "$(TARGET_NAME)";
				SKIP_INSTALL = YES;
				SWIFT_VERSION = 4.0;
			};
			name = Release;
		};
		75D12B791ED73B31002ED39C /* Debug */ = {
			isa = XCBuildConfiguration;
			baseConfigurationReference = EA80ADD903ECDBD2EDCB2438 /* Pods-KeyedAPIParametersTests.debug.xcconfig */;
			buildSettings = {
				CLANG_ENABLE_MODULES = YES;
				DEVELOPMENT_TEAM = 5FU3YAJNJH;
				INFOPLIST_FILE = "KeyedAPIParametersTests/Supporting Files/Info.plist";
				LD_RUNPATH_SEARCH_PATHS = "$(inherited) @executable_path/Frameworks @loader_path/Frameworks";
				PRODUCT_BUNDLE_IDENTIFIER = com.noobish1.KeyedAPIParametersTests;
				PRODUCT_NAME = "$(TARGET_NAME)";
				SWIFT_OPTIMIZATION_LEVEL = "-Onone";
				SWIFT_VERSION = 4.0;
			};
			name = Debug;
		};
		75D12B7A1ED73B31002ED39C /* Release */ = {
			isa = XCBuildConfiguration;
			baseConfigurationReference = 23058028205E5F99B012312D /* Pods-KeyedAPIParametersTests.release.xcconfig */;
			buildSettings = {
				CLANG_ENABLE_MODULES = YES;
				DEVELOPMENT_TEAM = 5FU3YAJNJH;
				INFOPLIST_FILE = "KeyedAPIParametersTests/Supporting Files/Info.plist";
				LD_RUNPATH_SEARCH_PATHS = "$(inherited) @executable_path/Frameworks @loader_path/Frameworks";
				PRODUCT_BUNDLE_IDENTIFIER = com.noobish1.KeyedAPIParametersTests;
				PRODUCT_NAME = "$(TARGET_NAME)";
				SWIFT_VERSION = 4.0;
			};
			name = Release;
		};
/* End XCBuildConfiguration section */

/* Begin XCConfigurationList section */
		75D12B5B1ED73B31002ED39C /* Build configuration list for PBXProject "KeyedAPIParameters" */ = {
			isa = XCConfigurationList;
			buildConfigurations = (
				75D12B731ED73B31002ED39C /* Debug */,
				75D12B741ED73B31002ED39C /* Release */,
			);
			defaultConfigurationIsVisible = 0;
			defaultConfigurationName = Release;
		};
		75D12B751ED73B31002ED39C /* Build configuration list for PBXNativeTarget "KeyedAPIParameters" */ = {
			isa = XCConfigurationList;
			buildConfigurations = (
				75D12B761ED73B31002ED39C /* Debug */,
				75D12B771ED73B31002ED39C /* Release */,
			);
			defaultConfigurationIsVisible = 0;
			defaultConfigurationName = Release;
		};
		75D12B781ED73B31002ED39C /* Build configuration list for PBXNativeTarget "KeyedAPIParametersTests" */ = {
			isa = XCConfigurationList;
			buildConfigurations = (
				75D12B791ED73B31002ED39C /* Debug */,
				75D12B7A1ED73B31002ED39C /* Release */,
			);
			defaultConfigurationIsVisible = 0;
			defaultConfigurationName = Release;
		};
/* End XCConfigurationList section */
	};
	rootObject = 75D12B581ED73B31002ED39C /* Project object */;
}
